
Microsoft Visual Studio Solution File, Format Version 12.00
# Visual Studio Version 17
VisualStudioVersion = 17.11.35327.3
MinimumVisualStudioVersion = 10.0.40219.1
Project("{FAE04EC0-301F-11D3-BF4B-00C04F79EFBC}") = "Proyecto-Semestral-DS-IV", "Proyecto-Semestral-DS-IV\Proyecto-Semestral-DS-IV.csproj", "{AB7C42BC-99AC-4752-9004-DC330D730624}"
EndProject
Global
	GlobalSection(SolutionConfigurationPlatforms) = preSolution
		Debug|Any CPU = Debug|Any CPU
		Release|Any CPU = Release|Any CPU
	EndGlobalSection
	GlobalSection(ProjectConfigurationPlatforms) = postSolution
		{AB7C42BC-99AC-4752-9004-DC330D730624}.Debug|Any CPU.ActiveCfg = Debug|Any CPU
		{AB7C42BC-99AC-4752-9004-DC330D730624}.Debug|Any CPU.Build.0 = Debug|Any CPU
		{AB7C42BC-99AC-4752-9004-DC330D730624}.Release|Any CPU.ActiveCfg = Release|Any CPU
		{AB7C42BC-99AC-4752-9004-DC330D730624}.Release|Any CPU.Build.0 = Release|Any CPU
	EndGlobalSection
	GlobalSection(SolutionProperties) = preSolution
		HideSolutionNode = FALSE
	EndGlobalSection
	GlobalSection(ExtensibilityGlobals) = postSolution
		SolutionGuid = {6EFDD6B8-07C6-46A2-9419-72E72D6D246C}
	EndGlobalSection
EndGlobal
